
Microsoft Visual Studio Solution File, Format Version 12.00
# Visual Studio Version 16
VisualStudioVersion = 16.0.31424.327
MinimumVisualStudioVersion = 10.0.40219.1
Project("{FAE04EC0-301F-11D3-BF4B-00C04F79EFBC}") = "06Encapsulamento", "06Encapsulamento\06Encapsulamento.csproj", "{96CBD70F-8F49-44CD-A58B-E6B6D89E1C85}"
EndProject
Global
	GlobalSection(SolutionConfigurationPlatforms) = preSolution
		Debug|Any CPU = Debug|Any CPU
		Release|Any CPU = Release|Any CPU
	EndGlobalSection
	GlobalSection(ProjectConfigurationPlatforms) = postSolution
		{96CBD70F-8F49-44CD-A58B-E6B6D89E1C85}.Debug|Any CPU.ActiveCfg = Debug|Any CPU
		{96CBD70F-8F49-44CD-A58B-E6B6D89E1C85}.Debug|Any CPU.Build.0 = Debug|Any CPU
		{96CBD70F-8F49-44CD-A58B-E6B6D89E1C85}.Release|Any CPU.ActiveCfg = Release|Any CPU
		{96CBD70F-8F49-44CD-A58B-E6B6D89E1C85}.Release|Any CPU.Build.0 = Release|Any CPU
	EndGlobalSection
	GlobalSection(SolutionProperties) = preSolution
		HideSolutionNode = FALSE
	EndGlobalSection
	GlobalSection(ExtensibilityGlobals) = postSolution
		SolutionGuid = {E7A046B0-2D5F-4952-A282-44A6A461096A}
	EndGlobalSection
EndGlobal
