
Microsoft Visual Studio Solution File, Format Version 12.00
# Visual Studio Version 16
VisualStudioVersion = 16.0.31424.327
MinimumVisualStudioVersion = 10.0.40219.1
Project("{FAE04EC0-301F-11D3-BF4B-00C04F79EFBC}") = "DesafioPOO", "DesafioPOO\DesafioPOO.csproj", "{61AF77B2-48E8-4A2E-8C48-5CF1016C44EA}"
EndProject
Global
	GlobalSection(SolutionConfigurationPlatforms) = preSolution
		Debug|Any CPU = Debug|Any CPU
		Release|Any CPU = Release|Any CPU
	EndGlobalSection
	GlobalSection(ProjectConfigurationPlatforms) = postSolution
		{61AF77B2-48E8-4A2E-8C48-5CF1016C44EA}.Debug|Any CPU.ActiveCfg = Debug|Any CPU
		{61AF77B2-48E8-4A2E-8C48-5CF1016C44EA}.Debug|Any CPU.Build.0 = Debug|Any CPU
		{61AF77B2-48E8-4A2E-8C48-5CF1016C44EA}.Release|Any CPU.ActiveCfg = Release|Any CPU
		{61AF77B2-48E8-4A2E-8C48-5CF1016C44EA}.Release|Any CPU.Build.0 = Release|Any CPU
	EndGlobalSection
	GlobalSection(SolutionProperties) = preSolution
		HideSolutionNode = FALSE
	EndGlobalSection
	GlobalSection(ExtensibilityGlobals) = postSolution
		SolutionGuid = {5E6B353B-DA90-4263-A7A1-582F64C5806B}
	EndGlobalSection
EndGlobal
